// !$*UTF8*$!
{
	archiveVersion = 1;
	classes = {
	};
	objectVersion = 50;
	objects = {

/* Begin PBXBuildFile section */
		8C28E1912527CE1E00951535 /* AppDelegate.swift in Sources */ = {isa = PBXBuildFile; fileRef = 8C28E1902527CE1E00951535 /* AppDelegate.swift */; };
		8C28E1932527CE1E00951535 /* SceneDelegate.swift in Sources */ = {isa = PBXBuildFile; fileRef = 8C28E1922527CE1E00951535 /* SceneDelegate.swift */; };
		8C28E1952527CE1E00951535 /* ContentView.swift in Sources */ = {isa = PBXBuildFile; fileRef = 8C28E1942527CE1E00951535 /* ContentView.swift */; };
		8C28E1972527CE2000951535 /* Assets.xcassets in Resources */ = {isa = PBXBuildFile; fileRef = 8C28E1962527CE2000951535 /* Assets.xcassets */; };
		8C28E19A2527CE2000951535 /* Preview Assets.xcassets in Resources */ = {isa = PBXBuildFile; fileRef = 8C28E1992527CE2000951535 /* Preview Assets.xcassets */; };
		8C28E19D2527CE2000951535 /* LaunchScreen.storyboard in Resources */ = {isa = PBXBuildFile; fileRef = 8C28E19B2527CE2000951535 /* LaunchScreen.storyboard */; };
		8C28E1A82527CE2000951535 /* SwiftUiFoodAppTests.swift in Sources */ = {isa = PBXBuildFile; fileRef = 8C28E1A72527CE2000951535 /* SwiftUiFoodAppTests.swift */; };
		8C28E1B32527CE2000951535 /* SwiftUiFoodAppUITests.swift in Sources */ = {isa = PBXBuildFile; fileRef = 8C28E1B22527CE2000951535 /* SwiftUiFoodAppUITests.swift */; };
/* End PBXBuildFile section */

/* Begin PBXContainerItemProxy section */
		8C28E1A42527CE2000951535 /* PBXContainerItemProxy */ = {
			isa = PBXContainerItemProxy;
			containerPortal = 8C28E1852527CE1E00951535 /* Project object */;
			proxyType = 1;
			remoteGlobalIDString = 8C28E18C2527CE1E00951535;
			remoteInfo = SwiftUiFoodApp;
		};
		8C28E1AF2527CE2000951535 /* PBXContainerItemProxy */ = {
			isa = PBXContainerItemProxy;
			containerPortal = 8C28E1852527CE1E00951535 /* Project object */;
			proxyType = 1;
			remoteGlobalIDString = 8C28E18C2527CE1E00951535;
			remoteInfo = SwiftUiFoodApp;
		};
/* End PBXContainerItemProxy section */

/* Begin PBXFileReference section */
		8C28E18D2527CE1E00951535 /* SwiftUiFoodApp.app */ = {isa = PBXFileReference; explicitFileType = wrapper.application; includeInIndex = 0; path = SwiftUiFoodApp.app; sourceTree = BUILT_PRODUCTS_DIR; };
		8C28E1902527CE1E00951535 /* AppDelegate.swift */ = {isa = PBXFileReference; lastKnownFileType = sourcecode.swift; path = AppDelegate.swift; sourceTree = "<group>"; };
		8C28E1922527CE1E00951535 /* SceneDelegate.swift */ = {isa = PBXFileReference; lastKnownFileType = sourcecode.swift; path = SceneDelegate.swift; sourceTree = "<group>"; };
		8C28E1942527CE1E00951535 /* ContentView.swift */ = {isa = PBXFileReference; lastKnownFileType = sourcecode.swift; path = ContentView.swift; sourceTree = "<group>"; };
		8C28E1962527CE2000951535 /* Assets.xcassets */ = {isa = PBXFileReference; lastKnownFileType = folder.assetcatalog; path = Assets.xcassets; sourceTree = "<group>"; };
		8C28E1992527CE2000951535 /* Preview Assets.xcassets */ = {isa = PBXFileReference; lastKnownFileType = folder.assetcatalog; path = "Preview Assets.xcassets"; sourceTree = "<group>"; };
		8C28E19C2527CE2000951535 /* Base */ = {isa = PBXFileReference; lastKnownFileType = file.storyboard; name = Base; path = Base.lproj/LaunchScreen.storyboard; sourceTree = "<group>"; };
		8C28E19E2527CE2000951535 /* Info.plist */ = {isa = PBXFileReference; lastKnownFileType = text.plist.xml; path = Info.plist; sourceTree = "<group>"; };
		8C28E1A32527CE2000951535 /* SwiftUiFoodAppTests.xctest */ = {isa = PBXFileReference; explicitFileType = wrapper.cfbundle; includeInIndex = 0; path = SwiftUiFoodAppTests.xctest; sourceTree = BUILT_PRODUCTS_DIR; };
		8C28E1A72527CE2000951535 /* SwiftUiFoodAppTests.swift */ = {isa = PBXFileReference; lastKnownFileType = sourcecode.swift; path = SwiftUiFoodAppTests.swift; sourceTree = "<group>"; };
		8C28E1A92527CE2000951535 /* Info.plist */ = {isa = PBXFileReference; lastKnownFileType = text.plist.xml; path = Info.plist; sourceTree = "<group>"; };
		8C28E1AE2527CE2000951535 /* SwiftUiFoodAppUITests.xctest */ = {isa = PBXFileReference; explicitFileType = wrapper.cfbundle; includeInIndex = 0; path = SwiftUiFoodAppUITests.xctest; sourceTree = BUILT_PRODUCTS_DIR; };
		8C28E1B22527CE2000951535 /* SwiftUiFoodAppUITests.swift */ = {isa = PBXFileReference; lastKnownFileType = sourcecode.swift; path = SwiftUiFoodAppUITests.swift; sourceTree = "<group>"; };
		8C28E1B42527CE2000951535 /* Info.plist */ = {isa = PBXFileReference; lastKnownFileType = text.plist.xml; path = Info.plist; sourceTree = "<group>"; };
/* End PBXFileReference section */

/* Begin PBXFrameworksBuildPhase section */
		8C28E18A2527CE1E00951535 /* Frameworks */ = {
			isa = PBXFrameworksBuildPhase;
			buildActionMask = 2147483647;
			files = (
			);
			runOnlyForDeploymentPostprocessing = 0;
		};
		8C28E1A02527CE2000951535 /* Frameworks */ = {
			isa = PBXFrameworksBuildPhase;
			buildActionMask = 2147483647;
			files = (
			);
			runOnlyForDeploymentPostprocessing = 0;
		};
		8C28E1AB2527CE2000951535 /* Frameworks */ = {
			isa = PBXFrameworksBuildPhase;
			buildActionMask = 2147483647;
			files = (
			);
			runOnlyForDeploymentPostprocessing = 0;
		};
/* End PBXFrameworksBuildPhase section */

/* Begin PBXGroup section */
		8C28E1842527CE1E00951535 = {
			isa = PBXGroup;
			children = (
				8C28E18F2527CE1E00951535 /* SwiftUiFoodApp */,
				8C28E1A62527CE2000951535 /* SwiftUiFoodAppTests */,
				8C28E1B12527CE2000951535 /* SwiftUiFoodAppUITests */,
				8C28E18E2527CE1E00951535 /* Products */,
			);
			sourceTree = "<group>";
		};
		8C28E18E2527CE1E00951535 /* Products */ = {
			isa = PBXGroup;
			children = (
				8C28E18D2527CE1E00951535 /* SwiftUiFoodApp.app */,
				8C28E1A32527CE2000951535 /* SwiftUiFoodAppTests.xctest */,
				8C28E1AE2527CE2000951535 /* SwiftUiFoodAppUITests.xctest */,
			);
			name = Products;
			sourceTree = "<group>";
		};
		8C28E18F2527CE1E00951535 /* SwiftUiFoodApp */ = {
			isa = PBXGroup;
			children = (
				8C28E1902527CE1E00951535 /* AppDelegate.swift */,
				8C28E1922527CE1E00951535 /* SceneDelegate.swift */,
				8C28E1942527CE1E00951535 /* ContentView.swift */,
				8C28E1962527CE2000951535 /* Assets.xcassets */,
				8C28E19B2527CE2000951535 /* LaunchScreen.storyboard */,
				8C28E19E2527CE2000951535 /* Info.plist */,
				8C28E1982527CE2000951535 /* Preview Content */,
			);
			path = SwiftUiFoodApp;
			sourceTree = "<group>";
		};
		8C28E1982527CE2000951535 /* Preview Content */ = {
			isa = PBXGroup;
			children = (
				8C28E1992527CE2000951535 /* Preview Assets.xcassets */,
			);
			path = "Preview Content";
			sourceTree = "<group>";
		};
		8C28E1A62527CE2000951535 /* SwiftUiFoodAppTests */ = {
			isa = PBXGroup;
			children = (
				8C28E1A72527CE2000951535 /* SwiftUiFoodAppTests.swift */,
				8C28E1A92527CE2000951535 /* Info.plist */,
			);
			path = SwiftUiFoodAppTests;
			sourceTree = "<group>";
		};
		8C28E1B12527CE2000951535 /* SwiftUiFoodAppUITests */ = {
			isa = PBXGroup;
			children = (
				8C28E1B22527CE2000951535 /* SwiftUiFoodAppUITests.swift */,
				8C28E1B42527CE2000951535 /* Info.plist */,
			);
			path = SwiftUiFoodAppUITests;
			sourceTree = "<group>";
		};
/* End PBXGroup section */

/* Begin PBXNativeTarget section */
		8C28E18C2527CE1E00951535 /* SwiftUiFoodApp */ = {
			isa = PBXNativeTarget;
			buildConfigurationList = 8C28E1B72527CE2000951535 /* Build configuration list for PBXNativeTarget "SwiftUiFoodApp" */;
			buildPhases = (
				8C28E1892527CE1E00951535 /* Sources */,
				8C28E18A2527CE1E00951535 /* Frameworks */,
				8C28E18B2527CE1E00951535 /* Resources */,
			);
			buildRules = (
			);
			dependencies = (
			);
			name = SwiftUiFoodApp;
			productName = SwiftUiFoodApp;
			productReference = 8C28E18D2527CE1E00951535 /* SwiftUiFoodApp.app */;
			productType = "com.apple.product-type.application";
		};
		8C28E1A22527CE2000951535 /* SwiftUiFoodAppTests */ = {
			isa = PBXNativeTarget;
			buildConfigurationList = 8C28E1BA2527CE2000951535 /* Build configuration list for PBXNativeTarget "SwiftUiFoodAppTests" */;
			buildPhases = (
				8C28E19F2527CE2000951535 /* Sources */,
				8C28E1A02527CE2000951535 /* Frameworks */,
				8C28E1A12527CE2000951535 /* Resources */,
			);
			buildRules = (
			);
			dependencies = (
				8C28E1A52527CE2000951535 /* PBXTargetDependency */,
			);
			name = SwiftUiFoodAppTests;
			productName = SwiftUiFoodAppTests;
			productReference = 8C28E1A32527CE2000951535 /* SwiftUiFoodAppTests.xctest */;
			productType = "com.apple.product-type.bundle.unit-test";
		};
		8C28E1AD2527CE2000951535 /* SwiftUiFoodAppUITests */ = {
			isa = PBXNativeTarget;
			buildConfigurationList = 8C28E1BD2527CE2000951535 /* Build configuration list for PBXNativeTarget "SwiftUiFoodAppUITests" */;
			buildPhases = (
				8C28E1AA2527CE2000951535 /* Sources */,
				8C28E1AB2527CE2000951535 /* Frameworks */,
				8C28E1AC2527CE2000951535 /* Resources */,
			);
			buildRules = (
			);
			dependencies = (
				8C28E1B02527CE2000951535 /* PBXTargetDependency */,
			);
			name = SwiftUiFoodAppUITests;
			productName = SwiftUiFoodAppUITests;
			productReference = 8C28E1AE2527CE2000951535 /* SwiftUiFoodAppUITests.xctest */;
			productType = "com.apple.product-type.bundle.ui-testing";
		};
/* End PBXNativeTarget section */

/* Begin PBXProject section */
		8C28E1852527CE1E00951535 /* Project object */ = {
			isa = PBXProject;
			attributes = {
				LastSwiftUpdateCheck = 1200;
				LastUpgradeCheck = 1200;
				TargetAttributes = {
					8C28E18C2527CE1E00951535 = {
						CreatedOnToolsVersion = 12.0;
					};
					8C28E1A22527CE2000951535 = {
						CreatedOnToolsVersion = 12.0;
						TestTargetID = 8C28E18C2527CE1E00951535;
					};
					8C28E1AD2527CE2000951535 = {
						CreatedOnToolsVersion = 12.0;
						TestTargetID = 8C28E18C2527CE1E00951535;
					};
				};
			};
			buildConfigurationList = 8C28E1882527CE1E00951535 /* Build configuration list for PBXProject "SwiftUiFoodApp" */;
			compatibilityVersion = "Xcode 9.3";
			developmentRegion = en;
			hasScannedForEncodings = 0;
			knownRegions = (
				en,
				Base,
			);
			mainGroup = 8C28E1842527CE1E00951535;
			productRefGroup = 8C28E18E2527CE1E00951535 /* Products */;
			projectDirPath = "";
			projectRoot = "";
			targets = (
				8C28E18C2527CE1E00951535 /* SwiftUiFoodApp */,
				8C28E1A22527CE2000951535 /* SwiftUiFoodAppTests */,
				8C28E1AD2527CE2000951535 /* SwiftUiFoodAppUITests */,
			);
		};
/* End PBXProject section */

/* Begin PBXResourcesBuildPhase section */
		8C28E18B2527CE1E00951535 /* Resources */ = {
			isa = PBXResourcesBuildPhase;
			buildActionMask = 2147483647;
			files = (
				8C28E19D2527CE2000951535 /* LaunchScreen.storyboard in Resources */,
				8C28E19A2527CE2000951535 /* Preview Assets.xcassets in Resources */,
				8C28E1972527CE2000951535 /* Assets.xcassets in Resources */,
			);
			runOnlyForDeploymentPostprocessing = 0;
		};
		8C28E1A12527CE2000951535 /* Resources */ = {
			isa = PBXResourcesBuildPhase;
			buildActionMask = 2147483647;
			files = (
			);
			runOnlyForDeploymentPostprocessing = 0;
		};
		8C28E1AC2527CE2000951535 /* Resources */ = {
			isa = PBXResourcesBuildPhase;
			buildActionMask = 2147483647;
			files = (
			);
			runOnlyForDeploymentPostprocessing = 0;
		};
/* End PBXResourcesBuildPhase section */

/* Begin PBXSourcesBuildPhase section */
		8C28E1892527CE1E00951535 /* Sources */ = {
			isa = PBXSourcesBuildPhase;
			buildActionMask = 2147483647;
			files = (
				8C28E1912527CE1E00951535 /* AppDelegate.swift in Sources */,
				8C28E1932527CE1E00951535 /* SceneDelegate.swift in Sources */,
				8C28E1952527CE1E00951535 /* ContentView.swift in Sources */,
			);
			runOnlyForDeploymentPostprocessing = 0;
		};
		8C28E19F2527CE2000951535 /* Sources */ = {
			isa = PBXSourcesBuildPhase;
			buildActionMask = 2147483647;
			files = (
				8C28E1A82527CE2000951535 /* SwiftUiFoodAppTests.swift in Sources */,
			);
			runOnlyForDeploymentPostprocessing = 0;
		};
		8C28E1AA2527CE2000951535 /* Sources */ = {
			isa = PBXSourcesBuildPhase;
			buildActionMask = 2147483647;
			files = (
				8C28E1B32527CE2000951535 /* SwiftUiFoodAppUITests.swift in Sources */,
			);
			runOnlyForDeploymentPostprocessing = 0;
		};
/* End PBXSourcesBuildPhase section */

/* Begin PBXTargetDependency section */
		8C28E1A52527CE2000951535 /* PBXTargetDependency */ = {
			isa = PBXTargetDependency;
			target = 8C28E18C2527CE1E00951535 /* SwiftUiFoodApp */;
			targetProxy = 8C28E1A42527CE2000951535 /* PBXContainerItemProxy */;
		};
		8C28E1B02527CE2000951535 /* PBXTargetDependency */ = {
			isa = PBXTargetDependency;
			target = 8C28E18C2527CE1E00951535 /* SwiftUiFoodApp */;
			targetProxy = 8C28E1AF2527CE2000951535 /* PBXContainerItemProxy */;
		};
/* End PBXTargetDependency section */

/* Begin PBXVariantGroup section */
		8C28E19B2527CE2000951535 /* LaunchScreen.storyboard */ = {
			isa = PBXVariantGroup;
			children = (
				8C28E19C2527CE2000951535 /* Base */,
			);
			name = LaunchScreen.storyboard;
			sourceTree = "<group>";
		};
/* End PBXVariantGroup section */

/* Begin XCBuildConfiguration section */
		8C28E1B52527CE2000951535 /* Debug */ = {
			isa = XCBuildConfiguration;
			buildSettings = {
				ALWAYS_SEARCH_USER_PATHS = NO;
				CLANG_ANALYZER_NONNULL = YES;
				CLANG_ANALYZER_NUMBER_OBJECT_CONVERSION = YES_AGGRESSIVE;
				CLANG_CXX_LANGUAGE_STANDARD = "gnu++14";
				CLANG_CXX_LIBRARY = "libc++";
				CLANG_ENABLE_MODULES = YES;
				CLANG_ENABLE_OBJC_ARC = YES;
				CLANG_ENABLE_OBJC_WEAK = YES;
				CLANG_WARN_BLOCK_CAPTURE_AUTORELEASING = YES;
				CLANG_WARN_BOOL_CONVERSION = YES;
				CLANG_WARN_COMMA = YES;
				CLANG_WARN_CONSTANT_CONVERSION = YES;
				CLANG_WARN_DEPRECATED_OBJC_IMPLEMENTATIONS = YES;
				CLANG_WARN_DIRECT_OBJC_ISA_USAGE = YES_ERROR;
				CLANG_WARN_DOCUMENTATION_COMMENTS = YES;
				CLANG_WARN_EMPTY_BODY = YES;
				CLANG_WARN_ENUM_CONVERSION = YES;
				CLANG_WARN_INFINITE_RECURSION = YES;
				CLANG_WARN_INT_CONVERSION = YES;
				CLANG_WARN_NON_LITERAL_NULL_CONVERSION = YES;
				CLANG_WARN_OBJC_IMPLICIT_RETAIN_SELF = YES;
				CLANG_WARN_OBJC_LITERAL_CONVERSION = YES;
				CLANG_WARN_OBJC_ROOT_CLASS = YES_ERROR;
				CLANG_WARN_QUOTED_INCLUDE_IN_FRAMEWORK_HEADER = YES;
				CLANG_WARN_RANGE_LOOP_ANALYSIS = YES;
				CLANG_WARN_STRICT_PROTOTYPES = YES;
				CLANG_WARN_SUSPICIOUS_MOVE = YES;
				CLANG_WARN_UNGUARDED_AVAILABILITY = YES_AGGRESSIVE;
				CLANG_WARN_UNREACHABLE_CODE = YES;
				CLANG_WARN__DUPLICATE_METHOD_MATCH = YES;
				COPY_PHASE_STRIP = NO;
				DEBUG_INFORMATION_FORMAT = dwarf;
				ENABLE_STRICT_OBJC_MSGSEND = YES;
				ENABLE_TESTABILITY = YES;
				GCC_C_LANGUAGE_STANDARD = gnu11;
				GCC_DYNAMIC_NO_PIC = NO;
				GCC_NO_COMMON_BLOCKS = YES;
				GCC_OPTIMIZATION_LEVEL = 0;
				GCC_PREPROCESSOR_DEFINITIONS = (
					"DEBUG=1",
					"$(inherited)",
				);
				GCC_WARN_64_TO_32_BIT_CONVERSION = YES;
				GCC_WARN_ABOUT_RETURN_TYPE = YES_ERROR;
				GCC_WARN_UNDECLARED_SELECTOR = YES;
				GCC_WARN_UNINITIALIZED_AUTOS = YES_AGGRESSIVE;
				GCC_WARN_UNUSED_FUNCTION = YES;
				GCC_WARN_UNUSED_VARIABLE = YES;
				IPHONEOS_DEPLOYMENT_TARGET = 14.0;
				MTL_ENABLE_DEBUG_INFO = INCLUDE_SOURCE;
				MTL_FAST_MATH = YES;
				ONLY_ACTIVE_ARCH = YES;
				SDKROOT = iphoneos;
				SWIFT_ACTIVE_COMPILATION_CONDITIONS = DEBUG;
				SWIFT_OPTIMIZATION_LEVEL = "-Onone";
			};
			name = Debug;
		};
		8C28E1B62527CE2000951535 /* Release */ = {
			isa = XCBuildConfiguration;
			buildSettings = {
				ALWAYS_SEARCH_USER_PATHS = NO;
				CLANG_ANALYZER_NONNULL = YES;
				CLANG_ANALYZER_NUMBER_OBJECT_CONVERSION = YES_AGGRESSIVE;
				CLANG_CXX_LANGUAGE_STANDARD = "gnu++14";
				CLANG_CXX_LIBRARY = "libc++";
				CLANG_ENABLE_MODULES = YES;
				CLANG_ENABLE_OBJC_ARC = YES;
				CLANG_ENABLE_OBJC_WEAK = YES;
				CLANG_WARN_BLOCK_CAPTURE_AUTORELEASING = YES;
				CLANG_WARN_BOOL_CONVERSION = YES;
				CLANG_WARN_COMMA = YES;
				CLANG_WARN_CONSTANT_CONVERSION = YES;
				CLANG_WARN_DEPRECATED_OBJC_IMPLEMENTATIONS = YES;
				CLANG_WARN_DIRECT_OBJC_ISA_USAGE = YES_ERROR;
				CLANG_WARN_DOCUMENTATION_COMMENTS = YES;
				CLANG_WARN_EMPTY_BODY = YES;
				CLANG_WARN_ENUM_CONVERSION = YES;
				CLANG_WARN_INFINITE_RECURSION = YES;
				CLANG_WARN_INT_CONVERSION = YES;
				CLANG_WARN_NON_LITERAL_NULL_CONVERSION = YES;
				CLANG_WARN_OBJC_IMPLICIT_RETAIN_SELF = YES;
				CLANG_WARN_OBJC_LITERAL_CONVERSION = YES;
				CLANG_WARN_OBJC_ROOT_CLASS = YES_ERROR;
				CLANG_WARN_QUOTED_INCLUDE_IN_FRAMEWORK_HEADER = YES;
				CLANG_WARN_RANGE_LOOP_ANALYSIS = YES;
				CLANG_WARN_STRICT_PROTOTYPES = YES;
				CLANG_WARN_SUSPICIOUS_MOVE = YES;
				CLANG_WARN_UNGUARDED_AVAILABILITY = YES_AGGRESSIVE;
				CLANG_WARN_UNREACHABLE_CODE = YES;
				CLANG_WARN__DUPLICATE_METHOD_MATCH = YES;
				COPY_PHASE_STRIP = NO;
				DEBUG_INFORMATION_FORMAT = "dwarf-with-dsym";
				ENABLE_NS_ASSERTIONS = NO;
				ENABLE_STRICT_OBJC_MSGSEND = YES;
				GCC_C_LANGUAGE_STANDARD = gnu11;
				GCC_NO_COMMON_BLOCKS = YES;
				GCC_WARN_64_TO_32_BIT_CONVERSION = YES;
				GCC_WARN_ABOUT_RETURN_TYPE = YES_ERROR;
				GCC_WARN_UNDECLARED_SELECTOR = YES;
				GCC_WARN_UNINITIALIZED_AUTOS = YES_AGGRESSIVE;
				GCC_WARN_UNUSED_FUNCTION = YES;
				GCC_WARN_UNUSED_VARIABLE = YES;
				IPHONEOS_DEPLOYMENT_TARGET = 14.0;
				MTL_ENABLE_DEBUG_INFO = NO;
				MTL_FAST_MATH = YES;
				SDKROOT = iphoneos;
				SWIFT_COMPILATION_MODE = wholemodule;
				SWIFT_OPTIMIZATION_LEVEL = "-O";
				VALIDATE_PRODUCT = YES;
			};
			name = Release;
		};
		8C28E1B82527CE2000951535 /* Debug */ = {
			isa = XCBuildConfiguration;
			buildSettings = {
				ASSETCATALOG_COMPILER_APPICON_NAME = AppIcon;
				ASSETCATALOG_COMPILER_GLOBAL_ACCENT_COLOR_NAME = AccentColor;
				CODE_SIGN_STYLE = Automatic;
				DEVELOPMENT_ASSET_PATHS = "\"SwiftUiFoodApp/Preview Content\"";
				DEVELOPMENT_TEAM = 9RPH95MT74;
				ENABLE_PREVIEWS = YES;
				INFOPLIST_FILE = SwiftUiFoodApp/Info.plist;
				LD_RUNPATH_SEARCH_PATHS = (
					"$(inherited)",
					"@executable_path/Frameworks",
				);
				PRODUCT_BUNDLE_IDENTIFIER = com.app.SwiftUiFoodApp;
				PRODUCT_NAME = "$(TARGET_NAME)";
				SWIFT_VERSION = 5.0;
				TARGETED_DEVICE_FAMILY = "1,2";
			};
			name = Debug;
		};
		8C28E1B92527CE2000951535 /* Release */ = {
			isa = XCBuildConfiguration;
			buildSettings = {
				ASSETCATALOG_COMPILER_APPICON_NAME = AppIcon;
				ASSETCATALOG_COMPILER_GLOBAL_ACCENT_COLOR_NAME = AccentColor;
				CODE_SIGN_STYLE = Automatic;
				DEVELOPMENT_ASSET_PATHS = "\"SwiftUiFoodApp/Preview Content\"";
				DEVELOPMENT_TEAM = 9RPH95MT74;
				ENABLE_PREVIEWS = YES;
				INFOPLIST_FILE = SwiftUiFoodApp/Info.plist;
				LD_RUNPATH_SEARCH_PATHS = (
					"$(inherited)",
					"@executable_path/Frameworks",
				);
				PRODUCT_BUNDLE_IDENTIFIER = com.app.SwiftUiFoodApp;
				PRODUCT_NAME = "$(TARGET_NAME)";
				SWIFT_VERSION = 5.0;
				TARGETED_DEVICE_FAMILY = "1,2";
			};
			name = Release;
		};
		8C28E1BB2527CE2000951535 /* Debug */ = {
			isa = XCBuildConfiguration;
			buildSettings = {
				ALWAYS_EMBED_SWIFT_STANDARD_LIBRARIES = YES;
				BUNDLE_LOADER = "$(TEST_HOST)";
				CODE_SIGN_STYLE = Automatic;
				DEVELOPMENT_TEAM = 9RPH95MT74;
				INFOPLIST_FILE = SwiftUiFoodAppTests/Info.plist;
				IPHONEOS_DEPLOYMENT_TARGET = 14.0;
				LD_RUNPATH_SEARCH_PATHS = (
					"$(inherited)",
					"@executable_path/Frameworks",
					"@loader_path/Frameworks",
				);
				PRODUCT_BUNDLE_IDENTIFIER = com.app.SwiftUiFoodAppTests;
				PRODUCT_NAME = "$(TARGET_NAME)";
				SWIFT_VERSION = 5.0;
				TARGETED_DEVICE_FAMILY = "1,2";
				TEST_HOST = "$(BUILT_PRODUCTS_DIR)/SwiftUiFoodApp.app/SwiftUiFoodApp";
			};
			name = Debug;
		};
		8C28E1BC2527CE2000951535 /* Release */ = {
			isa = XCBuildConfiguration;
			buildSettings = {
				ALWAYS_EMBED_SWIFT_STANDARD_LIBRARIES = YES;
				BUNDLE_LOADER = "$(TEST_HOST)";
				CODE_SIGN_STYLE = Automatic;
				DEVELOPMENT_TEAM = 9RPH95MT74;
				INFOPLIST_FILE = SwiftUiFoodAppTests/Info.plist;
				IPHONEOS_DEPLOYMENT_TARGET = 14.0;
				LD_RUNPATH_SEARCH_PATHS = (
					"$(inherited)",
					"@executable_path/Frameworks",
					"@loader_path/Frameworks",
				);
				PRODUCT_BUNDLE_IDENTIFIER = com.app.SwiftUiFoodAppTests;
				PRODUCT_NAME = "$(TARGET_NAME)";
				SWIFT_VERSION = 5.0;
				TARGETED_DEVICE_FAMILY = "1,2";
				TEST_HOST = "$(BUILT_PRODUCTS_DIR)/SwiftUiFoodApp.app/SwiftUiFoodApp";
			};
			name = Release;
		};
		8C28E1BE2527CE2000951535 /* Debug */ = {
			isa = XCBuildConfiguration;
			buildSettings = {
				ALWAYS_EMBED_SWIFT_STANDARD_LIBRARIES = YES;
				CODE_SIGN_STYLE = Automatic;
				DEVELOPMENT_TEAM = 9RPH95MT74;
				INFOPLIST_FILE = SwiftUiFoodAppUITests/Info.plist;
				LD_RUNPATH_SEARCH_PATHS = (
					"$(inherited)",
					"@executable_path/Frameworks",
					"@loader_path/Frameworks",
				);
				PRODUCT_BUNDLE_IDENTIFIER = com.app.SwiftUiFoodAppUITests;
				PRODUCT_NAME = "$(TARGET_NAME)";
				SWIFT_VERSION = 5.0;
				TARGETED_DEVICE_FAMILY = "1,2";
				TEST_TARGET_NAME = SwiftUiFoodApp;
			};
			name = Debug;
		};
		8C28E1BF2527CE2000951535 /* Release */ = {
			isa = XCBuildConfiguration;
			buildSettings = {
				ALWAYS_EMBED_SWIFT_STANDARD_LIBRARIES = YES;
				CODE_SIGN_STYLE = Automatic;
				DEVELOPMENT_TEAM = 9RPH95MT74;
				INFOPLIST_FILE = SwiftUiFoodAppUITests/Info.plist;
				LD_RUNPATH_SEARCH_PATHS = (
					"$(inherited)",
					"@executable_path/Frameworks",
					"@loader_path/Frameworks",
				);
				PRODUCT_BUNDLE_IDENTIFIER = com.app.SwiftUiFoodAppUITests;
				PRODUCT_NAME = "$(TARGET_NAME)";
				SWIFT_VERSION = 5.0;
				TARGETED_DEVICE_FAMILY = "1,2";
				TEST_TARGET_NAME = SwiftUiFoodApp;
			};
			name = Release;
		};
/* End XCBuildConfiguration section */

/* Begin XCConfigurationList section */
		8C28E1882527CE1E00951535 /* Build configuration list for PBXProject "SwiftUiFoodApp" */ = {
			isa = XCConfigurationList;
			buildConfigurations = (
				8C28E1B52527CE2000951535 /* Debug */,
				8C28E1B62527CE2000951535 /* Release */,
			);
			defaultConfigurationIsVisible = 0;
			defaultConfigurationName = Release;
		};
		8C28E1B72527CE2000951535 /* Build configuration list for PBXNativeTarget "SwiftUiFoodApp" */ = {
			isa = XCConfigurationList;
			buildConfigurations = (
				8C28E1B82527CE2000951535 /* Debug */,
				8C28E1B92527CE2000951535 /* Release */,
			);
			defaultConfigurationIsVisible = 0;
			defaultConfigurationName = Release;
		};
		8C28E1BA2527CE2000951535 /* Build configuration list for PBXNativeTarget "SwiftUiFoodAppTests" */ = {
			isa = XCConfigurationList;
			buildConfigurations = (
				8C28E1BB2527CE2000951535 /* Debug */,
				8C28E1BC2527CE2000951535 /* Release */,
			);
			defaultConfigurationIsVisible = 0;
			defaultConfigurationName = Release;
		};
		8C28E1BD2527CE2000951535 /* Build configuration list for PBXNativeTarget "SwiftUiFoodAppUITests" */ = {
			isa = XCConfigurationList;
			buildConfigurations = (
				8C28E1BE2527CE2000951535 /* Debug */,
				8C28E1BF2527CE2000951535 /* Release */,
			);
			defaultConfigurationIsVisible = 0;
			defaultConfigurationName = Release;
		};
/* End XCConfigurationList section */
	};
	rootObject = 8C28E1852527CE1E00951535 /* Project object */;
}
